# @generated by Move, please check-in and do not edit manually.

[move]
version = 3
manifest_digest = "AE815DE4EC76E9ADF7DFBBE6909D1D608992BCDB4F51AC5C302AB7C85FA35A7A"
deps_digest = "F8BBB0CCB2491CA29A3DF03D6F92277A4F3574266507ACD77214D37ECA3F3082"
dependencies = [
  { id = "Sui", name = "Sui" },
]

[[move.package]]
id = "MoveStdlib"
source = { git = "https://github.com/MystenLabs/sui.git", rev = "framework/testnet", subdir = "crates\\sui-framework\\packages\\move-stdlib" }

[[move.package]]
id = "Sui"
source = { git = "https://github.com/MystenLabs/sui.git", rev = "framework/testnet", subdir = "crates/sui-framework/packages/sui-framework" }

dependencies = [
  { id = "MoveStdlib", name = "MoveStdlib" },
]

[move.toolchain-version]
compiler-version = "1.53.2"
edition = "2024.beta"
flavor = "sui"

[env]

[env.testnet]
chain-id = "4c78adac"
original-published-id = "0xae28fd09dc8df11e5b3a1d3389723cd9469988944661e708f6ddf4fb2f1fd644"
latest-published-id = "0xae28fd09dc8df11e5b3a1d3389723cd9469988944661e708f6ddf4fb2f1fd644"
published-version = "1"
